
Microsoft Visual Studio Solution File, Format Version 12.00
# Visual Studio Version 16
VisualStudioVersion = 16.0.810.0
MinimumVisualStudioVersion = 10.0.40219.1
Project("{FAE04EC0-301F-11D3-BF4B-00C04F79EFBC}") = "task.Android", "task.Android\task.Android.csproj", "{C11BA56A-57C4-451B-B997-B8FA81ACF35E}"
EndProject
Project("{FAE04EC0-301F-11D3-BF4B-00C04F79EFBC}") = "task.iOS", "task.iOS\task.iOS.csproj", "{1E583326-F9BE-4EED-870D-D736AAD1773D}"
EndProject
Project("{FAE04EC0-301F-11D3-BF4B-00C04F79EFBC}") = "task", "task\task.csproj", "{29E94D87-C4C7-4DCD-9BDB-A261BF4F9C27}"
EndProject
Global
	GlobalSection(SolutionConfigurationPlatforms) = preSolution
		Debug|Any CPU = Debug|Any CPU
		Release|Any CPU = Release|Any CPU
		Debug|iPhoneSimulator = Debug|iPhoneSimulator
		Release|iPhoneSimulator = Release|iPhoneSimulator
		Debug|iPhone = Debug|iPhone
		Release|iPhone = Release|iPhone
	EndGlobalSection
	GlobalSection(ProjectConfigurationPlatforms) = postSolution
		{C11BA56A-57C4-451B-B997-B8FA81ACF35E}.Debug|Any CPU.ActiveCfg = Debug|Any CPU
		{C11BA56A-57C4-451B-B997-B8FA81ACF35E}.Debug|Any CPU.Build.0 = Debug|Any CPU
		{C11BA56A-57C4-451B-B997-B8FA81ACF35E}.Release|Any CPU.ActiveCfg = Release|Any CPU
		{C11BA56A-57C4-451B-B997-B8FA81ACF35E}.Release|Any CPU.Build.0 = Release|Any CPU
		{C11BA56A-57C4-451B-B997-B8FA81ACF35E}.Debug|iPhoneSimulator.ActiveCfg = Debug|Any CPU
		{C11BA56A-57C4-451B-B997-B8FA81ACF35E}.Debug|iPhoneSimulator.Build.0 = Debug|Any CPU
		{C11BA56A-57C4-451B-B997-B8FA81ACF35E}.Release|iPhoneSimulator.ActiveCfg = Release|Any CPU
		{C11BA56A-57C4-451B-B997-B8FA81ACF35E}.Release|iPhoneSimulator.Build.0 = Release|Any CPU
		{C11BA56A-57C4-451B-B997-B8FA81ACF35E}.Debug|iPhone.ActiveCfg = Debug|Any CPU
		{C11BA56A-57C4-451B-B997-B8FA81ACF35E}.Debug|iPhone.Build.0 = Debug|Any CPU
		{C11BA56A-57C4-451B-B997-B8FA81ACF35E}.Release|iPhone.ActiveCfg = Release|Any CPU
		{C11BA56A-57C4-451B-B997-B8FA81ACF35E}.Release|iPhone.Build.0 = Release|Any CPU
		{1E583326-F9BE-4EED-870D-D736AAD1773D}.Debug|Any CPU.ActiveCfg = Debug|iPhoneSimulator
		{1E583326-F9BE-4EED-870D-D736AAD1773D}.Debug|Any CPU.Build.0 = Debug|iPhoneSimulator
		{1E583326-F9BE-4EED-870D-D736AAD1773D}.Release|Any CPU.ActiveCfg = Release|iPhoneSimulator
		{1E583326-F9BE-4EED-870D-D736AAD1773D}.Release|Any CPU.Build.0 = Release|iPhoneSimulator
		{1E583326-F9BE-4EED-870D-D736AAD1773D}.Debug|iPhoneSimulator.ActiveCfg = Debug|iPhoneSimulator
		{1E583326-F9BE-4EED-870D-D736AAD1773D}.Debug|iPhoneSimulator.Build.0 = Debug|iPhoneSimulator
		{1E583326-F9BE-4EED-870D-D736AAD1773D}.Release|iPhoneSimulator.ActiveCfg = Release|iPhoneSimulator
		{1E583326-F9BE-4EED-870D-D736AAD1773D}.Release|iPhoneSimulator.Build.0 = Release|iPhoneSimulator
		{1E583326-F9BE-4EED-870D-D736AAD1773D}.Debug|iPhone.ActiveCfg = Debug|iPhone
		{1E583326-F9BE-4EED-870D-D736AAD1773D}.Debug|iPhone.Build.0 = Debug|iPhone
		{1E583326-F9BE-4EED-870D-D736AAD1773D}.Release|iPhone.ActiveCfg = Release|iPhone
		{1E583326-F9BE-4EED-870D-D736AAD1773D}.Release|iPhone.Build.0 = Release|iPhone
		{29E94D87-C4C7-4DCD-9BDB-A261BF4F9C27}.Debug|Any CPU.ActiveCfg = Debug|Any CPU
		{29E94D87-C4C7-4DCD-9BDB-A261BF4F9C27}.Debug|Any CPU.Build.0 = Debug|Any CPU
		{29E94D87-C4C7-4DCD-9BDB-A261BF4F9C27}.Release|Any CPU.ActiveCfg = Release|Any CPU
		{29E94D87-C4C7-4DCD-9BDB-A261BF4F9C27}.Release|Any CPU.Build.0 = Release|Any CPU
		{29E94D87-C4C7-4DCD-9BDB-A261BF4F9C27}.Debug|iPhoneSimulator.ActiveCfg = Debug|Any CPU
		{29E94D87-C4C7-4DCD-9BDB-A261BF4F9C27}.Debug|iPhoneSimulator.Build.0 = Debug|Any CPU
		{29E94D87-C4C7-4DCD-9BDB-A261BF4F9C27}.Release|iPhoneSimulator.ActiveCfg = Release|Any CPU
		{29E94D87-C4C7-4DCD-9BDB-A261BF4F9C27}.Release|iPhoneSimulator.Build.0 = Release|Any CPU
		{29E94D87-C4C7-4DCD-9BDB-A261BF4F9C27}.Debug|iPhone.ActiveCfg = Debug|Any CPU
		{29E94D87-C4C7-4DCD-9BDB-A261BF4F9C27}.Debug|iPhone.Build.0 = Debug|Any CPU
		{29E94D87-C4C7-4DCD-9BDB-A261BF4F9C27}.Release|iPhone.ActiveCfg = Release|Any CPU
		{29E94D87-C4C7-4DCD-9BDB-A261BF4F9C27}.Release|iPhone.Build.0 = Release|Any CPU
	EndGlobalSection
	GlobalSection(SolutionProperties) = preSolution
		HideSolutionNode = FALSE
	EndGlobalSection
	GlobalSection(ExtensibilityGlobals) = postSolution
		SolutionGuid = {96441E88-6825-4CD0-A668-D348B56A3329}
	EndGlobalSection
EndGlobal
